# THIS IS AN AUTOGENERATED FILE. DO NOT EDIT THIS FILE DIRECTLY.
# yarn lockfile v1


phaser-ce@^2.13.2, phaser-ce@^2.8.8:
  version "2.13.2"
  resolved "https://registry.yarnpkg.com/phaser-ce/-/phaser-ce-2.13.2.tgz#46a146b683948486b0ed700fbbd681f641200ff8"
  integrity sha512-CzFLDxpXxV3EShL0xHYCu+y0fgg5WIFME+ShpNpub9bn7DgGDIJwdrjkDyM8hINKEP4FRGP96HaBWyiPxTAFSA==

phaser-kinetic-scrolling-plugin@^1.2.1:
  version "1.2.1"
  resolved "https://registry.yarnpkg.com/phaser-kinetic-scrolling-plugin/-/phaser-kinetic-scrolling-plugin-1.2.1.tgz#82832ee857fa8f80ff4009d038d276b8374993b9"
  integrity sha512-emC1C0t23wWJC5yCeNWF+XnHhMMPAtTN3inRFoM+lDa/8J1yn7bD/CdKCWKgBSIGL2xO4LAOgo8FqyE/wyrcsg==
  dependencies:
    phaser-ce "^2.8.8"
